
Microsoft Visual Studio Solution File, Format Version 12.00
# Visual Studio Version 16
VisualStudioVersion = 16.0.30804.86
MinimumVisualStudioVersion = 10.0.40219.1
Project("{FAE04EC0-301F-11D3-BF4B-00C04F79EFBC}") = "SensorInputProcessing", "SensorInputProcessing.csproj", "{6268DE06-8A3C-4325-95B0-11B2ECC3D64F}"
EndProject
Project("{2150E333-8FDC-42A3-9474-1A3956D46DE8}") = "Solution Items", "Solution Items", "{DBB63FF2-0D23-4563-890F-6D9B5D7C52A3}"
EndProject
Global
	GlobalSection(SolutionConfigurationPlatforms) = preSolution
		Debug|Any CPU = Debug|Any CPU
		Release|Any CPU = Release|Any CPU
	EndGlobalSection
	GlobalSection(ProjectConfigurationPlatforms) = postSolution
		{6268DE06-8A3C-4325-95B0-11B2ECC3D64F}.Debug|Any CPU.ActiveCfg = Debug|Any CPU
		{6268DE06-8A3C-4325-95B0-11B2ECC3D64F}.Debug|Any CPU.Build.0 = Debug|Any CPU
		{6268DE06-8A3C-4325-95B0-11B2ECC3D64F}.Release|Any CPU.ActiveCfg = Release|Any CPU
		{6268DE06-8A3C-4325-95B0-11B2ECC3D64F}.Release|Any CPU.Build.0 = Release|Any CPU
	EndGlobalSection
	GlobalSection(SolutionProperties) = preSolution
		HideSolutionNode = FALSE
	EndGlobalSection
	GlobalSection(ExtensibilityGlobals) = postSolution
		SolutionGuid = {B42C1038-5685-4BEF-AB7F-0DC4B8368A44}
	EndGlobalSection
EndGlobal
